{
  "R": {
    "Version": "4.0.0",
    "Repositories": [
      {
        "Name": "CRAN",
        "URL": "https://cran.rstudio.com"
      }
    ]
  },
  "Packages": {
    "MASS": {
      "Package": "MASS",
      "Version": "7.3-54",
      "Source": "Repository",
      "Repository": "CRAN",
      "Hash": "0e59129db205112e3963904db67fd0dc",
      "Requirements": []
    },
    "Matrix": {
      "Package": "Matrix",
      "Version": "1.3-4",
      "Source": "Repository",
      "Repository": "CRAN",
      "Hash": "4ed05e9c9726267e4a5872e09c04587c",
      "Requirements": [
        "lattice"
      ]
    },
    "R6": {
      "Package": "R6",
      "Version": "2.5.0",
      "Source": "Repository",
      "Repository": "CRAN",
      "Hash": "b203113193e70978a696b2809525649d",
      "Requirements": []
    },
    "RColorBrewer": {
      "Package": "RColorBrewer",
      "Version": "1.1-2",
      "Source": "Repository",
      "Repository": "CRAN",
      "Hash": "e031418365a7f7a766181ab5a41a5716",
      "Requirements": []
    },
    "Rcpp": {
      "Package": "Rcpp",
      "Version": "1.0.7",
      "Source": "Repository",
      "Repository": "CRAN",
      "Hash": "dab19adae4440ae55aa8a9d238b246bb",
      "Requirements": []
    },
    "RcppArmadillo": {
      "Package": "RcppArmadillo",
      "Version": "0.10.7.0.0",
      "Source": "Repository",
      "Repository": "CRAN",
      "Hash": "76a46d0219364e5f6c8b04a148760acf",
      "Requirements": [
        "Rcpp"
      ]
    },
    "TTR": {
      "Package": "TTR",
      "Version": "0.24.3",
      "Source": "Repository",
      "Repository": "CRAN",
      "Hash": "c553a7be22ec50faaebee27be54a1313",
      "Requirements": [
        "curl",
        "xts",
        "zoo"
      ]
    },
    "base64enc": {
      "Package": "base64enc",
      "Version": "0.1-3",
      "Source": "Repository",
      "Repository": "CRAN",
      "Hash": "543776ae6848fde2f48ff3816d0628bc",
      "Requirements": []
    },
    "cli": {
      "Package": "cli",
      "Version": "3.3.0",
      "Source": "Repository",
      "Repository": "CRAN",
      "Hash": "23abf173c2b783dcc43379ab9bba00ee",
      "Requirements": [
        "glue"
      ]
    },
    "colorspace": {
      "Package": "colorspace",
      "Version": "2.0-2",
      "Source": "Repository",
      "Repository": "CRAN",
      "Hash": "6baccb763ee83c0bd313460fdb8b8a84",
      "Requirements": []
    },
    "crayon": {
      "Package": "crayon",
      "Version": "1.4.1",
      "Source": "Repository",
      "Repository": "CRAN",
      "Hash": "e75525c55c70e5f4f78c9960a4b402e9",
      "Requirements": []
    },
    "curl": {
      "Package": "curl",
      "Version": "4.3.2",
      "Source": "Repository",
      "Repository": "CRAN",
      "Hash": "022c42d49c28e95d69ca60446dbabf88",
      "Requirements": []
    },
    "data.table": {
      "Package": "data.table",
      "Version": "1.14.0",
      "Source": "Repository",
      "Repository": "CRAN",
      "Hash": "d1b8b1a821ee564a3515fa6c6d5c52dc",
      "Requirements": []
    },
    "digest": {
      "Package": "digest",
      "Version": "0.6.27",
      "Source": "Repository",
      "Repository": "CRAN",
      "Hash": "a0cbe758a531d054b537d16dff4d58a1",
      "Requirements": []
    },
    "ellipsis": {
      "Package": "ellipsis",
      "Version": "0.3.2",
      "Source": "Repository",
      "Repository": "CRAN",
      "Hash": "bb0eec2fe32e88d9e2836c2f73ea2077",
      "Requirements": [
        "rlang"
      ]
    },
    "evaluate": {
      "Package": "evaluate",
      "Version": "0.14",
      "Source": "Repository",
      "Repository": "CRAN",
      "Hash": "ec8ca05cffcc70569eaaad8469d2a3a7",
      "Requirements": []
    },
    "fansi": {
      "Package": "fansi",
      "Version": "0.5.0",
      "Source": "Repository",
      "Repository": "CRAN",
      "Hash": "d447b40982c576a72b779f0a3b3da227",
      "Requirements": []
    },
    "farver": {
      "Package": "farver",
      "Version": "2.1.0",
      "Source": "Repository",
      "Repository": "CRAN",
      "Hash": "c98eb5133d9cb9e1622b8691487f11bb",
      "Requirements": []
    },
    "forecast": {
      "Package": "forecast",
      "Version": "8.16",
      "Source": "Repository",
      "Repository": "CRAN",
      "Hash": "5d2502b83f310c485c5ba62b6b0bbfb9",
      "Requirements": [
        "Rcpp",
        "RcppArmadillo",
        "colorspace",
        "fracdiff",
        "ggplot2",
        "lmtest",
        "magrittr",
        "nnet",
        "timeDate",
        "tseries",
        "urca",
        "zoo"
      ]
    },
    "fracdiff": {
      "Package": "fracdiff",
      "Version": "1.5-1",
      "Source": "Repository",
      "Repository": "CRAN",
      "Hash": "90dcf1296b82b2f79d9c5aa081081e43",
      "Requirements": []
    },
    "ggplot2": {
      "Package": "ggplot2",
      "Version": "3.3.5",
      "Source": "Repository",
      "Repository": "CRAN",
      "Hash": "d7566c471c7b17e095dd023b9ef155ad",
      "Requirements": [
        "MASS",
        "digest",
        "glue",
        "gtable",
        "isoband",
        "mgcv",
        "rlang",
        "scales",
        "tibble",
        "withr"
      ]
    },
    "glue": {
      "Package": "glue",
      "Version": "1.6.2",
      "Source": "Repository",
      "Repository": "CRAN",
      "Hash": "4f2596dfb05dac67b9dc558e5c6fba2e",
      "Requirements": []
    },
    "gtable": {
      "Package": "gtable",
      "Version": "0.3.0",
      "Source": "Repository",
      "Repository": "CRAN",
      "Hash": "ac5c6baf7822ce8732b343f14c072c4d",
      "Requirements": []
    },
    "highr": {
      "Package": "highr",
      "Version": "0.9",
      "Source": "Repository",
      "Repository": "CRAN",
      "Hash": "8eb36c8125038e648e5d111c0d7b2ed4",
      "Requirements": [
        "xfun"
      ]
    },
    "htmltools": {
      "Package": "htmltools",
      "Version": "0.5.1.1",
      "Source": "Repository",
      "Repository": "CRAN",
      "Hash": "af2c2531e55df5cf230c4b5444fc973c",
      "Requirements": [
        "base64enc",
        "digest",
        "rlang"
      ]
    },
    "igraph": {
      "Package": "igraph",
      "Version": "1.3.2",
      "Source": "Repository",
      "Repository": "CRAN",
      "Hash": "48e890b2ccaeb5cdce18f14781ae76d6",
      "Requirements": [
        "Matrix",
        "magrittr",
        "pkgconfig"
      ]
    },
    "isoband": {
      "Package": "isoband",
      "Version": "0.2.5",
      "Source": "Repository",
      "Repository": "CRAN",
      "Hash": "7ab57a6de7f48a8dc84910d1eca42883",
      "Requirements": []
    },
    "jsonlite": {
      "Package": "jsonlite",
      "Version": "1.7.2",
      "Source": "Repository",
      "Repository": "CRAN",
      "Hash": "98138e0994d41508c7a6b84a0600cfcb",
      "Requirements": []
    },
    "knitr": {
      "Package": "knitr",
      "Version": "1.33",
      "Source": "Repository",
      "Repository": "CRAN",
      "Hash": "0bc1b5da1b0eb07cd4b727e95e9ff0b8",
      "Requirements": [
        "evaluate",
        "highr",
        "markdown",
        "stringr",
        "xfun",
        "yaml"
      ]
    },
    "labeling": {
      "Package": "labeling",
      "Version": "0.4.2",
      "Source": "Repository",
      "Repository": "CRAN",
      "Hash": "3d5108641f47470611a32d0bdf357a72",
      "Requirements": []
    },
    "lattice": {
      "Package": "lattice",
      "Version": "0.20-44",
      "Source": "Repository",
      "Repository": "CRAN",
      "Hash": "f36bf1a849d9106dc2af72e501f9de41",
      "Requirements": []
    },
    "lifecycle": {
      "Package": "lifecycle",
      "Version": "1.0.0",
      "Source": "Repository",
      "Repository": "CRAN",
      "Hash": "3471fb65971f1a7b2d4ae7848cf2db8d",
      "Requirements": [
        "glue",
        "rlang"
      ]
    },
    "lmtest": {
      "Package": "lmtest",
      "Version": "0.9-40",
      "Source": "Repository",
      "Repository": "CRAN",
      "Hash": "c6fafa6cccb1e1dfe7f7d122efd6e6a7",
      "Requirements": [
        "zoo"
      ]
    },
    "magrittr": {
      "Package": "magrittr",
      "Version": "2.0.1",
      "Source": "Repository",
      "Repository": "CRAN",
      "Hash": "41287f1ac7d28a92f0a286ed507928d3",
      "Requirements": []
    },
    "markdown": {
      "Package": "markdown",
      "Version": "1.1",
      "Source": "Repository",
      "Repository": "CRAN",
      "Hash": "61e4a10781dd00d7d81dd06ca9b94e95",
      "Requirements": [
        "mime",
        "xfun"
      ]
    },
    "mgcv": {
      "Package": "mgcv",
      "Version": "1.8-36",
      "Source": "Repository",
      "Repository": "CRAN",
      "Hash": "93cc747b0e1ad882a4570463c3575c23",
      "Requirements": [
        "Matrix",
        "nlme"
      ]
    },
    "mime": {
      "Package": "mime",
      "Version": "0.11",
      "Source": "Repository",
      "Repository": "CRAN",
      "Hash": "8974a907200fc9948d636fe7d85ca9fb",
      "Requirements": []
    },
    "munsell": {
      "Package": "munsell",
      "Version": "0.5.0",
      "Source": "Repository",
      "Repository": "CRAN",
      "Hash": "6dfe8bf774944bd5595785e3229d8771",
      "Requirements": [
        "colorspace"
      ]
    },
    "nlme": {
      "Package": "nlme",
      "Version": "3.1-152",
      "Source": "Repository",
      "Repository": "CRAN",
      "Hash": "35de1ce639f20b5e10f7f46260730c65",
      "Requirements": [
        "lattice"
      ]
    },
    "nnet": {
      "Package": "nnet",
      "Version": "7.3-16",
      "Source": "Repository",
      "Repository": "CRAN",
      "Hash": "3a3dc184000bc9e6c145c4dbde4dd702",
      "Requirements": []
    },
    "pillar": {
      "Package": "pillar",
      "Version": "1.6.2",
      "Source": "Repository",
      "Repository": "CRAN",
      "Hash": "43f228eb4b49093d1c8a5c93cae9efe9",
      "Requirements": [
        "cli",
        "crayon",
        "ellipsis",
        "fansi",
        "lifecycle",
        "rlang",
        "utf8",
        "vctrs"
      ]
    },
    "pkgconfig": {
      "Package": "pkgconfig",
      "Version": "2.0.3",
      "Source": "Repository",
      "Repository": "CRAN",
      "Hash": "01f28d4278f15c76cddbea05899c5d6f",
      "Requirements": []
    },
    "png": {
      "Package": "png",
      "Version": "0.1-7",
      "Source": "Repository",
      "Repository": "CRAN",
      "Hash": "03b7076c234cb3331288919983326c55",
      "Requirements": []
    },
    "quadprog": {
      "Package": "quadprog",
      "Version": "1.5-8",
      "Source": "Repository",
      "Repository": "CRAN",
      "Hash": "5f919ae5e7f83a6f91dcf2288943370d",
      "Requirements": []
    },
    "quantmod": {
      "Package": "quantmod",
      "Version": "0.4.20",
      "Source": "Repository",
      "Repository": "CRAN",
      "Hash": "e8c1ef1a6bc7ea89c1801ab4994b87bb",
      "Requirements": [
        "TTR",
        "curl",
        "xts",
        "zoo"
      ]
    },
    "renv": {
      "Package": "renv",
      "Version": "0.15.5",
      "Source": "Repository",
      "Repository": "CRAN",
      "Hash": "6a38294e7d12f5d8e656b08c5bd8ae34",
      "Requirements": []
    },
    "rlang": {
      "Package": "rlang",
      "Version": "1.0.2",
      "Source": "Repository",
      "Repository": "CRAN",
      "Hash": "04884d9a75d778aca22c7154b8333ec9",
      "Requirements": []
    },
    "rmarkdown": {
      "Package": "rmarkdown",
      "Version": "2.10",
      "Source": "Repository",
      "Repository": "CRAN",
      "Hash": "1fb097f233ee98968f8e5d0bcd42df6d",
      "Requirements": [
        "evaluate",
        "htmltools",
        "jsonlite",
        "knitr",
        "stringr",
        "tinytex",
        "xfun",
        "yaml"
      ]
    },
    "scales": {
      "Package": "scales",
      "Version": "1.1.1",
      "Source": "Repository",
      "Repository": "CRAN",
      "Hash": "6f76f71042411426ec8df6c54f34e6dd",
      "Requirements": [
        "R6",
        "RColorBrewer",
        "farver",
        "labeling",
        "lifecycle",
        "munsell",
        "viridisLite"
      ]
    },
    "stringi": {
      "Package": "stringi",
      "Version": "1.7.6",
      "Source": "Repository",
      "Repository": "CRAN",
      "Hash": "bba431031d30789535745a9627ac9271",
      "Requirements": []
    },
    "stringr": {
      "Package": "stringr",
      "Version": "1.4.0",
      "Source": "Repository",
      "Repository": "CRAN",
      "Hash": "0759e6b6c0957edb1311028a49a35e76",
      "Requirements": [
        "glue",
        "magrittr",
        "stringi"
      ]
    },
    "tibble": {
      "Package": "tibble",
      "Version": "3.1.3",
      "Source": "Repository",
      "Repository": "CRAN",
      "Hash": "038455513fde65e79c25e724e0c84ca2",
      "Requirements": [
        "ellipsis",
        "fansi",
        "lifecycle",
        "magrittr",
        "pillar",
        "pkgconfig",
        "rlang",
        "vctrs"
      ]
    },
    "timeDate": {
      "Package": "timeDate",
      "Version": "3043.102",
      "Source": "Repository",
      "Repository": "CRAN",
      "Hash": "fde4fc571f5f61978652c229d4713845",
      "Requirements": []
    },
    "tinytex": {
      "Package": "tinytex",
      "Version": "0.33",
      "Source": "Repository",
      "Repository": "CRAN",
      "Hash": "6e0ad90ac5669e35d5456cb61b295acb",
      "Requirements": [
        "xfun"
      ]
    },
    "tseries": {
      "Package": "tseries",
      "Version": "0.10-51",
      "Source": "Repository",
      "Repository": "CRAN",
      "Hash": "ca722b913d381a0d4f7ccf349151e695",
      "Requirements": [
        "quadprog",
        "quantmod",
        "zoo"
      ]
    },
    "urca": {
      "Package": "urca",
      "Version": "1.3-0",
      "Source": "Repository",
      "Repository": "CRAN",
      "Hash": "7e54e92d0362b977e26dd5a5a3a263a1",
      "Requirements": [
        "nlme"
      ]
    },
    "utf8": {
      "Package": "utf8",
      "Version": "1.2.2",
      "Source": "Repository",
      "Repository": "CRAN",
      "Hash": "c9c462b759a5cc844ae25b5942654d13",
      "Requirements": []
    },
    "vctrs": {
      "Package": "vctrs",
      "Version": "0.3.8",
      "Source": "Repository",
      "Repository": "CRAN",
      "Hash": "ecf749a1b39ea72bd9b51b76292261f1",
      "Requirements": [
        "ellipsis",
        "glue",
        "rlang"
      ]
    },
    "viridisLite": {
      "Package": "viridisLite",
      "Version": "0.4.0",
      "Source": "Repository",
      "Repository": "CRAN",
      "Hash": "55e157e2aa88161bdb0754218470d204",
      "Requirements": []
    },
    "withr": {
      "Package": "withr",
      "Version": "2.4.2",
      "Source": "Repository",
      "Repository": "CRAN",
      "Hash": "ad03909b44677f930fa156d47d7a3aeb",
      "Requirements": []
    },
    "xfun": {
      "Package": "xfun",
      "Version": "0.25",
      "Source": "Repository",
      "Repository": "CRAN",
      "Hash": "853d45ffff0a9af1e0af017cd359f75e",
      "Requirements": []
    },
    "xts": {
      "Package": "xts",
      "Version": "0.12.1",
      "Source": "Repository",
      "Repository": "CRAN",
      "Hash": "ca2fd4ad8ef78cca3aa2b30f992798a8",
      "Requirements": [
        "zoo"
      ]
    },
    "yaml": {
      "Package": "yaml",
      "Version": "2.2.1",
      "Source": "Repository",
      "Repository": "CRAN",
      "Hash": "2826c5d9efb0a88f657c7a679c7106db",
      "Requirements": []
    },
    "zoo": {
      "Package": "zoo",
      "Version": "1.8-10",
      "Source": "Repository",
      "Repository": "CRAN",
      "Hash": "277b8b4c5b7b47e664aebfe024a2092e",
      "Requirements": [
        "lattice"
      ]
    }
  }
}
